
Microsoft Visual Studio Solution File, Format Version 12.00
# Visual Studio Version 17
VisualStudioVersion = 17.14.36623.8 d17.14
MinimumVisualStudioVersion = 10.0.40219.1
Project("{FAE04EC0-301F-11D3-BF4B-00C04F79EFBC}") = "Recession_Algorithm", "Recession_Algorithm\Recession_Algorithm.csproj", "{57E27856-201E-41B3-9416-7C0494BD7507}"
EndProject
Project("{FAE04EC0-301F-11D3-BF4B-00C04F79EFBC}") = "Web_Scraper", "Web_Scraper\Web_Scraper.csproj", "{567C704C-8526-460A-B315-D495CBBE8A1E}"
EndProject
Project("{FAE04EC0-301F-11D3-BF4B-00C04F79EFBC}") = "Machine_Learning_Model", "Machine_Learning_Model\Machine_Learning_Model.csproj", "{4E8AD05F-05D6-425E-AE17-FDDD4FDA2F1C}"
EndProject
Global
	GlobalSection(SolutionConfigurationPlatforms) = preSolution
		Debug|Any CPU = Debug|Any CPU
		Release|Any CPU = Release|Any CPU
	EndGlobalSection
	GlobalSection(ProjectConfigurationPlatforms) = postSolution
		{57E27856-201E-41B3-9416-7C0494BD7507}.Debug|Any CPU.ActiveCfg = Debug|Any CPU
		{57E27856-201E-41B3-9416-7C0494BD7507}.Debug|Any CPU.Build.0 = Debug|Any CPU
		{57E27856-201E-41B3-9416-7C0494BD7507}.Release|Any CPU.ActiveCfg = Release|Any CPU
		{57E27856-201E-41B3-9416-7C0494BD7507}.Release|Any CPU.Build.0 = Release|Any CPU
		{567C704C-8526-460A-B315-D495CBBE8A1E}.Debug|Any CPU.ActiveCfg = Debug|Any CPU
		{567C704C-8526-460A-B315-D495CBBE8A1E}.Debug|Any CPU.Build.0 = Debug|Any CPU
		{567C704C-8526-460A-B315-D495CBBE8A1E}.Release|Any CPU.ActiveCfg = Release|Any CPU
		{567C704C-8526-460A-B315-D495CBBE8A1E}.Release|Any CPU.Build.0 = Release|Any CPU
		{4E8AD05F-05D6-425E-AE17-FDDD4FDA2F1C}.Debug|Any CPU.ActiveCfg = Debug|Any CPU
		{4E8AD05F-05D6-425E-AE17-FDDD4FDA2F1C}.Debug|Any CPU.Build.0 = Debug|Any CPU
		{4E8AD05F-05D6-425E-AE17-FDDD4FDA2F1C}.Release|Any CPU.ActiveCfg = Release|Any CPU
		{4E8AD05F-05D6-425E-AE17-FDDD4FDA2F1C}.Release|Any CPU.Build.0 = Release|Any CPU
	EndGlobalSection
	GlobalSection(SolutionProperties) = preSolution
		HideSolutionNode = FALSE
	EndGlobalSection
	GlobalSection(ExtensibilityGlobals) = postSolution
		SolutionGuid = {CD9E8E14-7989-4342-8291-56C2C06FB967}
	EndGlobalSection
EndGlobal
